
Microsoft Visual Studio Solution File, Format Version 12.00
# Visual Studio Version 16
VisualStudioVersion = 16.0.33927.289
MinimumVisualStudioVersion = 10.0.40219.1
Project("{FAE04EC0-301F-11D3-BF4B-00C04F79EFBC}") = "OdeToFood", "OdeToFood.csproj", "{A5FF1F65-849D-4B3F-A7E1-BCA1FF88FC75}"
EndProject
Project("{FAE04EC0-301F-11D3-BF4B-00C04F79EFBC}") = "OdeToFood.Tests", "..\OdeToFood.Tests\OdeToFood.Tests.csproj", "{3F4B176E-D1E9-4FC9-969A-C3D1A23ABAB1}"
EndProject
Global
	GlobalSection(SolutionConfigurationPlatforms) = preSolution
		Debug|Any CPU = Debug|Any CPU
		Release|Any CPU = Release|Any CPU
	EndGlobalSection
	GlobalSection(ProjectConfigurationPlatforms) = postSolution
		{A5FF1F65-849D-4B3F-A7E1-BCA1FF88FC75}.Debug|Any CPU.ActiveCfg = Debug|Any CPU
		{A5FF1F65-849D-4B3F-A7E1-BCA1FF88FC75}.Debug|Any CPU.Build.0 = Debug|Any CPU
		{A5FF1F65-849D-4B3F-A7E1-BCA1FF88FC75}.Release|Any CPU.ActiveCfg = Release|Any CPU
		{A5FF1F65-849D-4B3F-A7E1-BCA1FF88FC75}.Release|Any CPU.Build.0 = Release|Any CPU
		{3F4B176E-D1E9-4FC9-969A-C3D1A23ABAB1}.Debug|Any CPU.ActiveCfg = Debug|Any CPU
		{3F4B176E-D1E9-4FC9-969A-C3D1A23ABAB1}.Debug|Any CPU.Build.0 = Debug|Any CPU
		{3F4B176E-D1E9-4FC9-969A-C3D1A23ABAB1}.Release|Any CPU.ActiveCfg = Release|Any CPU
		{3F4B176E-D1E9-4FC9-969A-C3D1A23ABAB1}.Release|Any CPU.Build.0 = Release|Any CPU
	EndGlobalSection
	GlobalSection(SolutionProperties) = preSolution
		HideSolutionNode = FALSE
	EndGlobalSection
	GlobalSection(ExtensibilityGlobals) = postSolution
		SolutionGuid = {78C00E39-013B-45CF-913F-B59F6D6D0D73}
	EndGlobalSection
EndGlobal
